// !$*UTF8*$!
{
	archiveVersion = 1;
	classes = {
	};
	objectVersion = 46;
	objects = {

/* Begin PBXBuildFile section */
		8EBCA8731959B33900B4272D /* Foundation.framework in Frameworks */ = {isa = PBXBuildFile; fileRef = 8EBCA8721959B33900B4272D /* Foundation.framework */; };
		8EBCA8751959B33900B4272D /* CoreGraphics.framework in Frameworks */ = {isa = PBXBuildFile; fileRef = 8EBCA8741959B33900B4272D /* CoreGraphics.framework */; };
		8EBCA8771959B33900B4272D /* UIKit.framework in Frameworks */ = {isa = PBXBuildFile; fileRef = 8EBCA8761959B33900B4272D /* UIKit.framework */; };
		8EBCA87D1959B33900B4272D /* InfoPlist.strings in Resources */ = {isa = PBXBuildFile; fileRef = 8EBCA87B1959B33900B4272D /* InfoPlist.strings */; };
		8EBCA87F1959B33900B4272D /* main.m in Sources */ = {isa = PBXBuildFile; fileRef = 8EBCA87E1959B33900B4272D /* main.m */; };
		8EBCA8831959B33900B4272D /* AppDelegate.m in Sources */ = {isa = PBXBuildFile; fileRef = 8EBCA8821959B33900B4272D /* AppDelegate.m */; };
		8EBCA8861959B33900B4272D /* Main_iPhone.storyboard in Resources */ = {isa = PBXBuildFile; fileRef = 8EBCA8841959B33900B4272D /* Main_iPhone.storyboard */; };
		8EBCA8891959B33900B4272D /* Main_iPad.storyboard in Resources */ = {isa = PBXBuildFile; fileRef = 8EBCA8871959B33900B4272D /* Main_iPad.storyboard */; };
		8EBCA88C1959B33900B4272D /* ViewController.m in Sources */ = {isa = PBXBuildFile; fileRef = 8EBCA88B1959B33900B4272D /* ViewController.m */; };
		8EBCA88E1959B33900B4272D /* Images.xcassets in Resources */ = {isa = PBXBuildFile; fileRef = 8EBCA88D1959B33900B4272D /* Images.xcassets */; };
		8EBCA8951959B33900B4272D /* XCTest.framework in Frameworks */ = {isa = PBXBuildFile; fileRef = 8EBCA8941959B33900B4272D /* XCTest.framework */; };
		8EBCA8961959B33900B4272D /* Foundation.framework in Frameworks */ = {isa = PBXBuildFile; fileRef = 8EBCA8721959B33900B4272D /* Foundation.framework */; };
		8EBCA8971959B33900B4272D /* UIKit.framework in Frameworks */ = {isa = PBXBuildFile; fileRef = 8EBCA8761959B33900B4272D /* UIKit.framework */; };
		8EBCA89F1959B33900B4272D /* InfoPlist.strings in Resources */ = {isa = PBXBuildFile; fileRef = 8EBCA89D1959B33900B4272D /* InfoPlist.strings */; };
		8EBCA8A11959B33900B4272D /* MapKitTutorialTests.m in Sources */ = {isa = PBXBuildFile; fileRef = 8EBCA8A01959B33900B4272D /* MapKitTutorialTests.m */; };
		8EBCA8AB1959B4BE00B4272D /* MapKit.framework in Frameworks */ = {isa = PBXBuildFile; fileRef = 8EBCA8AA1959B4BE00B4272D /* MapKit.framework */; };
/* End PBXBuildFile section */

/* Begin PBXContainerItemProxy section */
		8EBCA8981959B33900B4272D /* PBXContainerItemProxy */ = {
			isa = PBXContainerItemProxy;
			containerPortal = 8EBCA8671959B33900B4272D /* Project object */;
			proxyType = 1;
			remoteGlobalIDString = 8EBCA86E1959B33900B4272D;
			remoteInfo = MapKitTutorial;
		};
/* End PBXContainerItemProxy section */

/* Begin PBXFileReference section */
		8EBCA86F1959B33900B4272D /* MapKitTutorial.app */ = {isa = PBXFileReference; explicitFileType = wrapper.application; includeInIndex = 0; path = MapKitTutorial.app; sourceTree = BUILT_PRODUCTS_DIR; };
		8EBCA8721959B33900B4272D /* Foundation.framework */ = {isa = PBXFileReference; lastKnownFileType = wrapper.framework; name = Foundation.framework; path = System/Library/Frameworks/Foundation.framework; sourceTree = SDKROOT; };
		8EBCA8741959B33900B4272D /* CoreGraphics.framework */ = {isa = PBXFileReference; lastKnownFileType = wrapper.framework; name = CoreGraphics.framework; path = System/Library/Frameworks/CoreGraphics.framework; sourceTree = SDKROOT; };
		8EBCA8761959B33900B4272D /* UIKit.framework */ = {isa = PBXFileReference; lastKnownFileType = wrapper.framework; name = UIKit.framework; path = System/Library/Frameworks/UIKit.framework; sourceTree = SDKROOT; };
		8EBCA87A1959B33900B4272D /* MapKitTutorial-Info.plist */ = {isa = PBXFileReference; lastKnownFileType = text.plist.xml; path = "MapKitTutorial-Info.plist"; sourceTree = "<group>"; };
		8EBCA87C1959B33900B4272D /* en */ = {isa = PBXFileReference; lastKnownFileType = text.plist.strings; name = en; path = en.lproj/InfoPlist.strings; sourceTree = "<group>"; };
		8EBCA87E1959B33900B4272D /* main.m */ = {isa = PBXFileReference; lastKnownFileType = sourcecode.c.objc; path = main.m; sourceTree = "<group>"; };
		8EBCA8801959B33900B4272D /* MapKitTutorial-Prefix.pch */ = {isa = PBXFileReference; lastKnownFileType = sourcecode.c.h; path = "MapKitTutorial-Prefix.pch"; sourceTree = "<group>"; };
		8EBCA8811959B33900B4272D /* AppDelegate.h */ = {isa = PBXFileReference; lastKnownFileType = sourcecode.c.h; path = AppDelegate.h; sourceTree = "<group>"; };
		8EBCA8821959B33900B4272D /* AppDelegate.m */ = {isa = PBXFileReference; lastKnownFileType = sourcecode.c.objc; path = AppDelegate.m; sourceTree = "<group>"; };
		8EBCA8851959B33900B4272D /* Base */ = {isa = PBXFileReference; lastKnownFileType = file.storyboard; name = Base; path = Base.lproj/Main_iPhone.storyboard; sourceTree = "<group>"; };
		8EBCA8881959B33900B4272D /* Base */ = {isa = PBXFileReference; lastKnownFileType = file.storyboard; name = Base; path = Base.lproj/Main_iPad.storyboard; sourceTree = "<group>"; };
		8EBCA88A1959B33900B4272D /* ViewController.h */ = {isa = PBXFileReference; lastKnownFileType = sourcecode.c.h; path = ViewController.h; sourceTree = "<group>"; };
		8EBCA88B1959B33900B4272D /* ViewController.m */ = {isa = PBXFileReference; lastKnownFileType = sourcecode.c.objc; path = ViewController.m; sourceTree = "<group>"; };
		8EBCA88D1959B33900B4272D /* Images.xcassets */ = {isa = PBXFileReference; lastKnownFileType = folder.assetcatalog; path = Images.xcassets; sourceTree = "<group>"; };
		8EBCA8931959B33900B4272D /* MapKitTutorialTests.xctest */ = {isa = PBXFileReference; explicitFileType = wrapper.cfbundle; includeInIndex = 0; path = MapKitTutorialTests.xctest; sourceTree = BUILT_PRODUCTS_DIR; };
		8EBCA8941959B33900B4272D /* XCTest.framework */ = {isa = PBXFileReference; lastKnownFileType = wrapper.framework; name = XCTest.framework; path = Library/Frameworks/XCTest.framework; sourceTree = DEVELOPER_DIR; };
		8EBCA89C1959B33900B4272D /* MapKitTutorialTests-Info.plist */ = {isa = PBXFileReference; lastKnownFileType = text.plist.xml; path = "MapKitTutorialTests-Info.plist"; sourceTree = "<group>"; };
		8EBCA89E1959B33900B4272D /* en */ = {isa = PBXFileReference; lastKnownFileType = text.plist.strings; name = en; path = en.lproj/InfoPlist.strings; sourceTree = "<group>"; };
		8EBCA8A01959B33900B4272D /* MapKitTutorialTests.m */ = {isa = PBXFileReference; lastKnownFileType = sourcecode.c.objc; path = MapKitTutorialTests.m; sourceTree = "<group>"; };
		8EBCA8AA1959B4BE00B4272D /* MapKit.framework */ = {isa = PBXFileReference; lastKnownFileType = wrapper.framework; name = MapKit.framework; path = System/Library/Frameworks/MapKit.framework; sourceTree = SDKROOT; };
/* End PBXFileReference section */

/* Begin PBXFrameworksBuildPhase section */
		8EBCA86C1959B33900B4272D /* Frameworks */ = {
			isa = PBXFrameworksBuildPhase;
			buildActionMask = 2147483647;
			files = (
				8EBCA8AB1959B4BE00B4272D /* MapKit.framework in Frameworks */,
				8EBCA8751959B33900B4272D /* CoreGraphics.framework in Frameworks */,
				8EBCA8771959B33900B4272D /* UIKit.framework in Frameworks */,
				8EBCA8731959B33900B4272D /* Foundation.framework in Frameworks */,
			);
			runOnlyForDeploymentPostprocessing = 0;
		};
		8EBCA8901959B33900B4272D /* Frameworks */ = {
			isa = PBXFrameworksBuildPhase;
			buildActionMask = 2147483647;
			files = (
				8EBCA8951959B33900B4272D /* XCTest.framework in Frameworks */,
				8EBCA8971959B33900B4272D /* UIKit.framework in Frameworks */,
				8EBCA8961959B33900B4272D /* Foundation.framework in Frameworks */,
			);
			runOnlyForDeploymentPostprocessing = 0;
		};
/* End PBXFrameworksBuildPhase section */

/* Begin PBXGroup section */
		8EBCA8661959B33900B4272D = {
			isa = PBXGroup;
			children = (
				8EBCA8781959B33900B4272D /* MapKitTutorial */,
				8EBCA89A1959B33900B4272D /* MapKitTutorialTests */,
				8EBCA8711959B33900B4272D /* Frameworks */,
				8EBCA8701959B33900B4272D /* Products */,
			);
			sourceTree = "<group>";
		};
		8EBCA8701959B33900B4272D /* Products */ = {
			isa = PBXGroup;
			children = (
				8EBCA86F1959B33900B4272D /* MapKitTutorial.app */,
				8EBCA8931959B33900B4272D /* MapKitTutorialTests.xctest */,
			);
			name = Products;
			sourceTree = "<group>";
		};
		8EBCA8711959B33900B4272D /* Frameworks */ = {
			isa = PBXGroup;
			children = (
				8EBCA8AA1959B4BE00B4272D /* MapKit.framework */,
				8EBCA8721959B33900B4272D /* Foundation.framework */,
				8EBCA8741959B33900B4272D /* CoreGraphics.framework */,
				8EBCA8761959B33900B4272D /* UIKit.framework */,
				8EBCA8941959B33900B4272D /* XCTest.framework */,
			);
			name = Frameworks;
			sourceTree = "<group>";
		};
		8EBCA8781959B33900B4272D /* MapKitTutorial */ = {
			isa = PBXGroup;
			children = (
				8EBCA8811959B33900B4272D /* AppDelegate.h */,
				8EBCA8821959B33900B4272D /* AppDelegate.m */,
				8EBCA8841959B33900B4272D /* Main_iPhone.storyboard */,
				8EBCA8871959B33900B4272D /* Main_iPad.storyboard */,
				8EBCA88A1959B33900B4272D /* ViewController.h */,
				8EBCA88B1959B33900B4272D /* ViewController.m */,
				8EBCA88D1959B33900B4272D /* Images.xcassets */,
				8EBCA8791959B33900B4272D /* Supporting Files */,
			);
			path = MapKitTutorial;
			sourceTree = "<group>";
		};
		8EBCA8791959B33900B4272D /* Supporting Files */ = {
			isa = PBXGroup;
			children = (
				8EBCA87A1959B33900B4272D /* MapKitTutorial-Info.plist */,
				8EBCA87B1959B33900B4272D /* InfoPlist.strings */,
				8EBCA87E1959B33900B4272D /* main.m */,
				8EBCA8801959B33900B4272D /* MapKitTutorial-Prefix.pch */,
			);
			name = "Supporting Files";
			sourceTree = "<group>";
		};
		8EBCA89A1959B33900B4272D /* MapKitTutorialTests */ = {
			isa = PBXGroup;
			children = (
				8EBCA8A01959B33900B4272D /* MapKitTutorialTests.m */,
				8EBCA89B1959B33900B4272D /* Supporting Files */,
			);
			path = MapKitTutorialTests;
			sourceTree = "<group>";
		};
		8EBCA89B1959B33900B4272D /* Supporting Files */ = {
			isa = PBXGroup;
			children = (
				8EBCA89C1959B33900B4272D /* MapKitTutorialTests-Info.plist */,
				8EBCA89D1959B33900B4272D /* InfoPlist.strings */,
			);
			name = "Supporting Files";
			sourceTree = "<group>";
		};
/* End PBXGroup section */

/* Begin PBXNativeTarget section */
		8EBCA86E1959B33900B4272D /* MapKitTutorial */ = {
			isa = PBXNativeTarget;
			buildConfigurationList = 8EBCA8A41959B33900B4272D /* Build configuration list for PBXNativeTarget "MapKitTutorial" */;
			buildPhases = (
				8EBCA86B1959B33900B4272D /* Sources */,
				8EBCA86C1959B33900B4272D /* Frameworks */,
				8EBCA86D1959B33900B4272D /* Resources */,
			);
			buildRules = (
			);
			dependencies = (
			);
			name = MapKitTutorial;
			productName = MapKitTutorial;
			productReference = 8EBCA86F1959B33900B4272D /* MapKitTutorial.app */;
			productType = "com.apple.product-type.application";
		};
		8EBCA8921959B33900B4272D /* MapKitTutorialTests */ = {
			isa = PBXNativeTarget;
			buildConfigurationList = 8EBCA8A71959B33900B4272D /* Build configuration list for PBXNativeTarget "MapKitTutorialTests" */;
			buildPhases = (
				8EBCA88F1959B33900B4272D /* Sources */,
				8EBCA8901959B33900B4272D /* Frameworks */,
				8EBCA8911959B33900B4272D /* Resources */,
			);
			buildRules = (
			);
			dependencies = (
				8EBCA8991959B33900B4272D /* PBXTargetDependency */,
			);
			name = MapKitTutorialTests;
			productName = MapKitTutorialTests;
			productReference = 8EBCA8931959B33900B4272D /* MapKitTutorialTests.xctest */;
			productType = "com.apple.product-type.bundle.unit-test";
		};
/* End PBXNativeTarget section */

/* Begin PBXProject section */
		8EBCA8671959B33900B4272D /* Project object */ = {
			isa = PBXProject;
			attributes = {
				LastUpgradeCheck = 0510;
				ORGANIZATIONNAME = hssh;
				TargetAttributes = {
					8EBCA86E1959B33900B4272D = {
						DevelopmentTeam = QPR433QCKU;
					};
					8EBCA8921959B33900B4272D = {
						TestTargetID = 8EBCA86E1959B33900B4272D;
					};
				};
			};
			buildConfigurationList = 8EBCA86A1959B33900B4272D /* Build configuration list for PBXProject "MapKitTutorial" */;
			compatibilityVersion = "Xcode 3.2";
			developmentRegion = English;
			hasScannedForEncodings = 0;
			knownRegions = (
				en,
				Base,
			);
			mainGroup = 8EBCA8661959B33900B4272D;
			productRefGroup = 8EBCA8701959B33900B4272D /* Products */;
			projectDirPath = "";
			projectRoot = "";
			targets = (
				8EBCA86E1959B33900B4272D /* MapKitTutorial */,
				8EBCA8921959B33900B4272D /* MapKitTutorialTests */,
			);
		};
/* End PBXProject section */

/* Begin PBXResourcesBuildPhase section */
		8EBCA86D1959B33900B4272D /* Resources */ = {
			isa = PBXResourcesBuildPhase;
			buildActionMask = 2147483647;
			files = (
				8EBCA8891959B33900B4272D /* Main_iPad.storyboard in Resources */,
				8EBCA88E1959B33900B4272D /* Images.xcassets in Resources */,
				8EBCA8861959B33900B4272D /* Main_iPhone.storyboard in Resources */,
				8EBCA87D1959B33900B4272D /* InfoPlist.strings in Resources */,
			);
			runOnlyForDeploymentPostprocessing = 0;
		};
		8EBCA8911959B33900B4272D /* Resources */ = {
			isa = PBXResourcesBuildPhase;
			buildActionMask = 2147483647;
			files = (
				8EBCA89F1959B33900B4272D /* InfoPlist.strings in Resources */,
			);
			runOnlyForDeploymentPostprocessing = 0;
		};
/* End PBXResourcesBuildPhase section */

/* Begin PBXSourcesBuildPhase section */
		8EBCA86B1959B33900B4272D /* Sources */ = {
			isa = PBXSourcesBuildPhase;
			buildActionMask = 2147483647;
			files = (
				8EBCA88C1959B33900B4272D /* ViewController.m in Sources */,
				8EBCA8831959B33900B4272D /* AppDelegate.m in Sources */,
				8EBCA87F1959B33900B4272D /* main.m in Sources */,
			);
			runOnlyForDeploymentPostprocessing = 0;
		};
		8EBCA88F1959B33900B4272D /* Sources */ = {
			isa = PBXSourcesBuildPhase;
			buildActionMask = 2147483647;
			files = (
				8EBCA8A11959B33900B4272D /* MapKitTutorialTests.m in Sources */,
			);
			runOnlyForDeploymentPostprocessing = 0;
		};
/* End PBXSourcesBuildPhase section */

/* Begin PBXTargetDependency section */
		8EBCA8991959B33900B4272D /* PBXTargetDependency */ = {
			isa = PBXTargetDependency;
			target = 8EBCA86E1959B33900B4272D /* MapKitTutorial */;
			targetProxy = 8EBCA8981959B33900B4272D /* PBXContainerItemProxy */;
		};
/* End PBXTargetDependency section */

/* Begin PBXVariantGroup section */
		8EBCA87B1959B33900B4272D /* InfoPlist.strings */ = {
			isa = PBXVariantGroup;
			children = (
				8EBCA87C1959B33900B4272D /* en */,
			);
			name = InfoPlist.strings;
			sourceTree = "<group>";
		};
		8EBCA8841959B33900B4272D /* Main_iPhone.storyboard */ = {
			isa = PBXVariantGroup;
			children = (
				8EBCA8851959B33900B4272D /* Base */,
			);
			name = Main_iPhone.storyboard;
			sourceTree = "<group>";
		};
		8EBCA8871959B33900B4272D /* Main_iPad.storyboard */ = {
			isa = PBXVariantGroup;
			children = (
				8EBCA8881959B33900B4272D /* Base */,
			);
			name = Main_iPad.storyboard;
			sourceTree = "<group>";
		};
		8EBCA89D1959B33900B4272D /* InfoPlist.strings */ = {
			isa = PBXVariantGroup;
			children = (
				8EBCA89E1959B33900B4272D /* en */,
			);
			name = InfoPlist.strings;
			sourceTree = "<group>";
		};
/* End PBXVariantGroup section */

/* Begin XCBuildConfiguration section */
		8EBCA8A21959B33900B4272D /* Debug */ = {
			isa = XCBuildConfiguration;
			buildSettings = {
				ALWAYS_SEARCH_USER_PATHS = NO;
				CLANG_CXX_LANGUAGE_STANDARD = "gnu++0x";
				CLANG_CXX_LIBRARY = "libc++";
				CLANG_ENABLE_MODULES = YES;
				CLANG_ENABLE_OBJC_ARC = YES;
				CLANG_WARN_BOOL_CONVERSION = YES;
				CLANG_WARN_CONSTANT_CONVERSION = YES;
				CLANG_WARN_DIRECT_OBJC_ISA_USAGE = YES_ERROR;
				CLANG_WARN_EMPTY_BODY = YES;
				CLANG_WARN_ENUM_CONVERSION = YES;
				CLANG_WARN_INT_CONVERSION = YES;
				CLANG_WARN_OBJC_ROOT_CLASS = YES_ERROR;
				CLANG_WARN__DUPLICATE_METHOD_MATCH = YES;
				"CODE_SIGN_IDENTITY[sdk=iphoneos*]" = "iPhone Developer";
				COPY_PHASE_STRIP = NO;
				GCC_C_LANGUAGE_STANDARD = gnu99;
				GCC_DYNAMIC_NO_PIC = NO;
				GCC_OPTIMIZATION_LEVEL = 0;
				GCC_PREPROCESSOR_DEFINITIONS = (
					"DEBUG=1",
					"$(inherited)",
				);
				GCC_SYMBOLS_PRIVATE_EXTERN = NO;
				GCC_WARN_64_TO_32_BIT_CONVERSION = YES;
				GCC_WARN_ABOUT_RETURN_TYPE = YES_ERROR;
				GCC_WARN_UNDECLARED_SELECTOR = YES;
				GCC_WARN_UNINITIALIZED_AUTOS = YES_AGGRESSIVE;
				GCC_WARN_UNUSED_FUNCTION = YES;
				GCC_WARN_UNUSED_VARIABLE = YES;
				IPHONEOS_DEPLOYMENT_TARGET = 7.1;
				ONLY_ACTIVE_ARCH = YES;
				SDKROOT = iphoneos;
				TARGETED_DEVICE_FAMILY = "1,2";
			};
			name = Debug;
		};
		8EBCA8A31959B33900B4272D /* Release */ = {
			isa = XCBuildConfiguration;
			buildSettings = {
				ALWAYS_SEARCH_USER_PATHS = NO;
				CLANG_CXX_LANGUAGE_STANDARD = "gnu++0x";
				CLANG_CXX_LIBRARY = "libc++";
				CLANG_ENABLE_MODULES = YES;
				CLANG_ENABLE_OBJC_ARC = YES;
				CLANG_WARN_BOOL_CONVERSION = YES;
				CLANG_WARN_CONSTANT_CONVERSION = YES;
				CLANG_WARN_DIRECT_OBJC_ISA_USAGE = YES_ERROR;
				CLANG_WARN_EMPTY_BODY = YES;
				CLANG_WARN_ENUM_CONVERSION = YES;
				CLANG_WARN_INT_CONVERSION = YES;
				CLANG_WARN_OBJC_ROOT_CLASS = YES_ERROR;
				CLANG_WARN__DUPLICATE_METHOD_MATCH = YES;
				"CODE_SIGN_IDENTITY[sdk=iphoneos*]" = "iPhone Developer";
				COPY_PHASE_STRIP = YES;
				ENABLE_NS_ASSERTIONS = NO;
				GCC_C_LANGUAGE_STANDARD = gnu99;
				GCC_WARN_64_TO_32_BIT_CONVERSION = YES;
				GCC_WARN_ABOUT_RETURN_TYPE = YES_ERROR;
				GCC_WARN_UNDECLARED_SELECTOR = YES;
				GCC_WARN_UNINITIALIZED_AUTOS = YES_AGGRESSIVE;
				GCC_WARN_UNUSED_FUNCTION = YES;
				GCC_WARN_UNUSED_VARIABLE = YES;
				IPHONEOS_DEPLOYMENT_TARGET = 7.1;
				SDKROOT = iphoneos;
				TARGETED_DEVICE_FAMILY = "1,2";
				VALIDATE_PRODUCT = YES;
			};
			name = Release;
		};
		8EBCA8A51959B33900B4272D /* Debug */ = {
			isa = XCBuildConfiguration;
			buildSettings = {
				ASSETCATALOG_COMPILER_APPICON_NAME = AppIcon;
				ASSETCATALOG_COMPILER_LAUNCHIMAGE_NAME = LaunchImage;
				CODE_SIGN_IDENTITY = "iPhone Developer";
				GCC_PRECOMPILE_PREFIX_HEADER = YES;
				GCC_PREFIX_HEADER = "MapKitTutorial/MapKitTutorial-Prefix.pch";
				INFOPLIST_FILE = "MapKitTutorial/MapKitTutorial-Info.plist";
				PRODUCT_NAME = "$(TARGET_NAME)";
				WRAPPER_EXTENSION = app;
			};
			name = Debug;
		};
		8EBCA8A61959B33900B4272D /* Release */ = {
			isa = XCBuildConfiguration;
			buildSettings = {
				ASSETCATALOG_COMPILER_APPICON_NAME = AppIcon;
				ASSETCATALOG_COMPILER_LAUNCHIMAGE_NAME = LaunchImage;
				CODE_SIGN_IDENTITY = "iPhone Developer";
				GCC_PRECOMPILE_PREFIX_HEADER = YES;
				GCC_PREFIX_HEADER = "MapKitTutorial/MapKitTutorial-Prefix.pch";
				INFOPLIST_FILE = "MapKitTutorial/MapKitTutorial-Info.plist";
				PRODUCT_NAME = "$(TARGET_NAME)";
				WRAPPER_EXTENSION = app;
			};
			name = Release;
		};
		8EBCA8A81959B33900B4272D /* Debug */ = {
			isa = XCBuildConfiguration;
			buildSettings = {
				BUNDLE_LOADER = "$(BUILT_PRODUCTS_DIR)/MapKitTutorial.app/MapKitTutorial";
				FRAMEWORK_SEARCH_PATHS = (
					"$(SDKROOT)/Developer/Library/Frameworks",
					"$(inherited)",
					"$(DEVELOPER_FRAMEWORKS_DIR)",
				);
				GCC_PRECOMPILE_PREFIX_HEADER = YES;
				GCC_PREFIX_HEADER = "MapKitTutorial/MapKitTutorial-Prefix.pch";
				GCC_PREPROCESSOR_DEFINITIONS = (
					"DEBUG=1",
					"$(inherited)",
				);
				INFOPLIST_FILE = "MapKitTutorialTests/MapKitTutorialTests-Info.plist";
				PRODUCT_NAME = "$(TARGET_NAME)";
				TEST_HOST = "$(BUNDLE_LOADER)";
				WRAPPER_EXTENSION = xctest;
			};
			name = Debug;
		};
		8EBCA8A91959B33900B4272D /* Release */ = {
			isa = XCBuildConfiguration;
			buildSettings = {
				BUNDLE_LOADER = "$(BUILT_PRODUCTS_DIR)/MapKitTutorial.app/MapKitTutorial";
				FRAMEWORK_SEARCH_PATHS = (
					"$(SDKROOT)/Developer/Library/Frameworks",
					"$(inherited)",
					"$(DEVELOPER_FRAMEWORKS_DIR)",
				);
				GCC_PRECOMPILE_PREFIX_HEADER = YES;
				GCC_PREFIX_HEADER = "MapKitTutorial/MapKitTutorial-Prefix.pch";
				INFOPLIST_FILE = "MapKitTutorialTests/MapKitTutorialTests-Info.plist";
				PRODUCT_NAME = "$(TARGET_NAME)";
				TEST_HOST = "$(BUNDLE_LOADER)";
				WRAPPER_EXTENSION = xctest;
			};
			name = Release;
		};
/* End XCBuildConfiguration section */

/* Begin XCConfigurationList section */
		8EBCA86A1959B33900B4272D /* Build configuration list for PBXProject "MapKitTutorial" */ = {
			isa = XCConfigurationList;
			buildConfigurations = (
				8EBCA8A21959B33900B4272D /* Debug */,
				8EBCA8A31959B33900B4272D /* Release */,
			);
			defaultConfigurationIsVisible = 0;
			defaultConfigurationName = Release;
		};
		8EBCA8A41959B33900B4272D /* Build configuration list for PBXNativeTarget "MapKitTutorial" */ = {
			isa = XCConfigurationList;
			buildConfigurations = (
				8EBCA8A51959B33900B4272D /* Debug */,
				8EBCA8A61959B33900B4272D /* Release */,
			);
			defaultConfigurationIsVisible = 0;
		};
		8EBCA8A71959B33900B4272D /* Build configuration list for PBXNativeTarget "MapKitTutorialTests" */ = {
			isa = XCConfigurationList;
			buildConfigurations = (
				8EBCA8A81959B33900B4272D /* Debug */,
				8EBCA8A91959B33900B4272D /* Release */,
			);
			defaultConfigurationIsVisible = 0;
		};
/* End XCConfigurationList section */
	};
	rootObject = 8EBCA8671959B33900B4272D /* Project object */;
}
